
Microsoft Visual Studio Solution File, Format Version 12.00
# Visual Studio Version 17
VisualStudioVersion = 17.0.32112.339
MinimumVisualStudioVersion = 10.0.40219.1
Project("{2150E333-8FDC-42A3-9474-1A3956D46DE8}") = "Services", "Services", "{0C8B364F-F02A-44D0-8FBB-258C105DEA82}"
EndProject
Project("{2150E333-8FDC-42A3-9474-1A3956D46DE8}") = "Catalog", "Catalog", "{7E249D45-0E8D-45CE-8758-4A1AB5B9A798}"
EndProject
Project("{9A19103F-16F7-4668-BE54-9A1E7A4F7556}") = "FreeCourse.Services.Catalog", "FreeCourse.Services.Catalog\FreeCourse.Services.Catalog.csproj", "{5967C4A9-A5B1-4881-83A5-96C7137C41FD}"
EndProject
Project("{2150E333-8FDC-42A3-9474-1A3956D46DE8}") = "Solution Items", "Solution Items", "{41A01540-4FBB-40F7-883F-A7E26A2A4C53}"
	ProjectSection(SolutionItems) = preProject
		MyNotes.txt = MyNotes.txt
		port.txt = port.txt
	EndProjectSection
EndProject
Project("{2150E333-8FDC-42A3-9474-1A3956D46DE8}") = "Shared", "Shared", "{DE82C159-067A-4CA3-A6B3-AB034651A12B}"
EndProject
Project("{FAE04EC0-301F-11D3-BF4B-00C04F79EFBC}") = "FreeCourse.Shared", "Shared\FreeCourse.Shared\FreeCourse.Shared.csproj", "{3CFB1858-9C81-4D18-AEA0-D1F92D158634}"
EndProject
Global
	GlobalSection(SolutionConfigurationPlatforms) = preSolution
		Debug|Any CPU = Debug|Any CPU
		Release|Any CPU = Release|Any CPU
	EndGlobalSection
	GlobalSection(ProjectConfigurationPlatforms) = postSolution
		{5967C4A9-A5B1-4881-83A5-96C7137C41FD}.Debug|Any CPU.ActiveCfg = Debug|Any CPU
		{5967C4A9-A5B1-4881-83A5-96C7137C41FD}.Debug|Any CPU.Build.0 = Debug|Any CPU
		{5967C4A9-A5B1-4881-83A5-96C7137C41FD}.Release|Any CPU.ActiveCfg = Release|Any CPU
		{5967C4A9-A5B1-4881-83A5-96C7137C41FD}.Release|Any CPU.Build.0 = Release|Any CPU
		{3CFB1858-9C81-4D18-AEA0-D1F92D158634}.Debug|Any CPU.ActiveCfg = Debug|Any CPU
		{3CFB1858-9C81-4D18-AEA0-D1F92D158634}.Debug|Any CPU.Build.0 = Debug|Any CPU
		{3CFB1858-9C81-4D18-AEA0-D1F92D158634}.Release|Any CPU.ActiveCfg = Release|Any CPU
		{3CFB1858-9C81-4D18-AEA0-D1F92D158634}.Release|Any CPU.Build.0 = Release|Any CPU
	EndGlobalSection
	GlobalSection(SolutionProperties) = preSolution
		HideSolutionNode = FALSE
	EndGlobalSection
	GlobalSection(NestedProjects) = preSolution
		{7E249D45-0E8D-45CE-8758-4A1AB5B9A798} = {0C8B364F-F02A-44D0-8FBB-258C105DEA82}
		{5967C4A9-A5B1-4881-83A5-96C7137C41FD} = {7E249D45-0E8D-45CE-8758-4A1AB5B9A798}
		{3CFB1858-9C81-4D18-AEA0-D1F92D158634} = {DE82C159-067A-4CA3-A6B3-AB034651A12B}
	EndGlobalSection
	GlobalSection(ExtensibilityGlobals) = postSolution
		SolutionGuid = {4E1C1DB8-F64A-40A5-AAF7-F5D5D57A0252}
	EndGlobalSection
EndGlobal
